{
  "nodes": {
    "crane": {
      "locked": {
        "lastModified": 1787326676,
        "narHash": "sha256-lWhBbBvC05/xwivKBBiM2YNizpmgqCgyOIzomvRuwxs=",
        "owner": "ipetkov",
        "repo": "crane",
        "rev": "692f7e9ef2ece8125b466f66f2af532b3edaed0d",
        "type": "github"
      },
      "original": {
        "owner": "ipetkov",
        "repo": "crane",
        "type": "github"
      }
    },
    "home-manager": {
      "inputs": {
        "nixpkgs": [
          "nixpkgs"
        ]
      },
      "locked": {
        "lastModified": 1789267039,
        "narHash": "sha256-LWiBv9yAYFi2LPbUhDGHPGKYskJQjj2fw12OlyO1uQo=",
        "owner": "nix-community",
        "repo": "home-manager",
        "rev": "ec172013fa62135f58fb58dd17ae9651e8f39727",
        "type": "github"
      },
      "original": {
        "owner": "nix-community",
        "ref": "release-26.05",
        "repo": "home-manager",
        "type": "github"
      }
    },
    "horologium": {
      "inputs": {
        "crane": "crane",
        "nixpkgs": [
          "nixpkgs"
        ]
      },
      "locked": {
        "lastModified": 1789958300,
        "narHash": "sha256-QE3HgS5DdW/I3CEGwsJD2JvDdDcUxNZlWu3pmcO6u18=",
        "ref": "refs/heads/main",
        "rev": "4dc10c7df92a3883aac2d227d4429f0f67f0a399",
        "revCount": 110,
        "type": "git",
        "url": "https://git.starrytea.cc/Constellation-Project/Horologium.git"
      },
      "original": {
        "type": "git",
        "url": "https://git.starrytea.cc/Constellation-Project/Horologium.git"
      }
    },
    "nixpkgs": {
      "locked": {
        "lastModified": 1789885152,
        "narHash": "sha256-mDNo95riUw8k0MA2Btzj/OuiMcfLKofqIliLYsLbrSY=",
        "owner": "nixos",
        "repo": "nixpkgs",
        "rev": "6d663c0533ff269008fb84e45930151e37c99db9",
        "type": "github"
      },
      "original": {
        "owner": "nixos",
        "ref": "nixos-26.05",
        "repo": "nixpkgs",
        "type": "github"
      }
    },
    "nixpkgs-release": {
      "locked": {
        "lastModified": 1789954139,
        "narHash": "sha256-wnYWQkfYoUW6m3UyRi9IHy59BvT6V++KjHRy08mN+mA=",
        "owner": "nixos",
        "repo": "nixpkgs",
        "rev": "6a6c23deb24003c23a1a4f03cdc5bf0f34543cf6",
        "type": "github"
      },
      "original": {
        "owner": "nixos",
        "ref": "release-26.05",
        "repo": "nixpkgs",
        "type": "github"
      }
    },
    "nixpkgs-unstable": {
      "locked": {
        "lastModified": 1789785513,
        "narHash": "sha256-B44WL6h0XoLjJ41bUPJk0X5SDinLCII//6EcBLXKiJ0=",
        "owner": "nixos",
        "repo": "nixpkgs",
        "rev": "20b1ddd1aa5ace70c9468305030aa4f9ef79671b",
        "type": "github"
      },
      "original": {
        "owner": "nixos",
        "ref": "nixos-unstable",
        "repo": "nixpkgs",
        "type": "github"
      }
    },
    "nixpkgs_2": {
      "locked": {
        "lastModified": 1789286504,
        "narHash": "sha256-eiEK7cKZORNEvX0GeF3RtNEF/JXhgf2RqSp3230q13E=",
        "owner": "nixos",
        "repo": "nixpkgs",
        "rev": "ef34387ddd751e1ab8857adf4676492d32eb24ec",
        "type": "github"
      },
      "original": {
        "owner": "nixos",
        "ref": "nixos-unstable",
        "repo": "nixpkgs",
        "type": "github"
      }
    },
    "root": {
      "inputs": {
        "home-manager": "home-manager",
        "horologium": "horologium",
        "nixpkgs": "nixpkgs",
        "nixpkgs-release": "nixpkgs-release",
        "nixpkgs-unstable": "nixpkgs-unstable",
        "sops-nix": "sops-nix",
        "zen-browser": "zen-browser"
      }
    },
    "sops-nix": {
      "inputs": {
        "nixpkgs": [
          "nixpkgs"
        ]
      },
      "locked": {
        "lastModified": 1789890976,
        "narHash": "sha256-GKwH3zpy7tartuJMG0Rv/xUsdetG1QLmTVv8UKgJLmA=",
        "owner": "Mic92",
        "repo": "sops-nix",
        "rev": "7214124c20c1542c90deb54af50e2f53ae02711f",
        "type": "github"
      },
      "original": {
        "owner": "Mic92",
        "repo": "sops-nix",
        "type": "github"
      }
    },
    "zen-browser": {
      "inputs": {
        "home-manager": [
          "home-manager"
        ],
        "nixpkgs": "nixpkgs_2"
      },
      "locked": {
        "lastModified": 1789948428,
        "narHash": "sha256-QLMHJsRax6CpZR1x2fNOxorw53bsHydkrIuxhPCftrs=",
        "owner": "0xc000022070",
        "repo": "zen-browser-flake",
        "rev": "6abd9c70a29f47fb1dda33c712cf4a305e5b31ac",
        "type": "github"
      },
      "original": {
        "owner": "0xc000022070",
        "repo": "zen-browser-flake",
        "type": "github"
      }
    }
  },
  "root": "root",
  "version": 7
}
